{
  "version": 4,
  "terraform_version": "1.11.3",
  "serial": 2,
  "lineage": "bf7bd9a7-ea4d-197d-85b3-1aeb7ed03b0c",
  "outputs": {
    "dns_hostname": {
      "value": "manojazure15051998-container-group.eastus.azurecontainer.io",
      "type": "string"
    }
  },
  "resources": [
    {
      "mode": "data",
      "type": "azurerm_resource_group",
      "name": "main",
      "provider": "provider[\"registry.terraform.io/hashicorp/azurerm\"]",
      "instances": [
        {
          "schema_version": 0,
          "attributes": {
            "id": "/subscriptions/2213e8b1-dbc7-4d54-8aff-b5e315df5e5b/resourceGroups/948-79267da0-using-terraform-with-azure-setting-t",
            "location": "eastus",
            "managed_by": "",
            "name": "948-79267da0-using-terraform-with-azure-setting-t",
            "tags": {},
            "timeouts": null
          },
          "sensitive_attributes": []
        }
      ]
    },
    {
      "mode": "managed",
      "type": "azurerm_container_group",
      "name": "main",
      "provider": "provider[\"registry.terraform.io/hashicorp/azurerm\"]",
      "instances": [
        {
          "schema_version": 0,
          "attributes": {
            "container": [
              {
                "commands": [],
                "cpu": 0.5,
                "cpu_limit": 0,
                "environment_variables": null,
                "gpu": [],
                "gpu_limit": [],
                "image": "mcr.microsoft.com/azuredocs/aci-helloworld",
                "liveness_probe": [],
                "memory": 1.5,
                "memory_limit": 0,
                "name": "hello-world",
                "ports": [
                  {
                    "port": 80,
                    "protocol": "TCP"
                  }
                ],
                "readiness_probe": [],
                "secure_environment_variables": null,
                "security": [],
                "volume": []
              }
            ],
            "diagnostics": [],
            "dns_config": [],
            "dns_name_label": "manojazure15051998-container-group",
            "dns_name_label_reuse_policy": "Unsecure",
            "exposed_port": [
              {
                "port": 80,
                "protocol": "TCP"
              }
            ],
            "fqdn": "manojazure15051998-container-group.eastus.azurecontainer.io",
            "id": "/subscriptions/2213e8b1-dbc7-4d54-8aff-b5e315df5e5b/resourceGroups/948-79267da0-using-terraform-with-azure-setting-t/providers/Microsoft.ContainerInstance/containerGroups/manojazure15051998-container-group",
            "identity": [],
            "image_registry_credential": [],
            "init_container": [],
            "ip_address": "52.234.246.117",
            "ip_address_type": "Public",
            "key_vault_key_id": null,
            "key_vault_user_assigned_identity_id": null,
            "location": "eastus",
            "name": "manojazure15051998-container-group",
            "network_profile_id": null,
            "os_type": "Linux",
            "priority": "",
            "resource_group_name": "948-79267da0-using-terraform-with-azure-setting-t",
            "restart_policy": "Always",
            "sku": "Standard",
            "subnet_ids": null,
            "tags": null,
            "timeouts": null,
            "zones": null
          },
          "sensitive_attributes": [
            [
              {
                "type": "get_attr",
                "value": "container"
              },
              {
                "type": "index",
                "value": {
                  "value": 0,
                  "type": "number"
                }
              },
              {
                "type": "get_attr",
                "value": "secure_environment_variables"
              }
            ]
          ],
          "private": "eyJlMmJmYjczMC1lY2FhLTExZTYtOGY4OC0zNDM2M2JjN2M0YzAiOnsiY3JlYXRlIjozNjAwMDAwMDAwMDAwLCJkZWxldGUiOjE4MDAwMDAwMDAwMDAsInJlYWQiOjMwMDAwMDAwMDAwMCwidXBkYXRlIjoxODAwMDAwMDAwMDAwfX0=",
          "dependencies": [
            "data.azurerm_resource_group.main"
          ]
        }
      ]
    }
  ],
  "check_results": null
}
