{
  "version": 4,
  "terraform_version": "1.9.8",
  "serial": 13,
  "lineage": "f908e463-b27b-9062-addf-d20b8e26a840",
  "outputs": {},
  "resources": [
    {
      "module": "module.s3_bucket",
      "mode": "managed",
      "type": "aws_s3_bucket",
      "name": "practice",
      "provider": "provider[\"registry.terraform.io/hashicorp/aws\"]",
      "instances": [
        {
          "schema_version": 0,
          "attributes": {
            "acceleration_status": "",
            "acl": null,
            "arn": "arn:aws:s3:::factoryoutlet-bucket",
            "bucket": "factoryoutlet-bucket",
            "bucket_domain_name": "factoryoutlet-bucket.s3.amazonaws.com",
            "bucket_prefix": "",
            "bucket_regional_domain_name": "factoryoutlet-bucket.s3.eu-north-1.amazonaws.com",
            "cors_rule": [],
            "force_destroy": false,
            "grant": [
              {
                "id": "a44ea7da13995ea52abef64962767ccd9fcb00d6b14c18785ecab7006d7c7c52",
                "permissions": [
                  "FULL_CONTROL"
                ],
                "type": "CanonicalUser",
                "uri": ""
              }
            ],
            "hosted_zone_id": "Z3BAZG2TWCNX0D",
            "id": "factoryoutlet-bucket",
            "lifecycle_rule": [],
            "logging": [],
            "object_lock_configuration": [],
            "object_lock_enabled": false,
            "policy": "",
            "region": "eu-north-1",
            "replication_configuration": [],
            "request_payer": "BucketOwner",
            "server_side_encryption_configuration": [
              {
                "rule": [
                  {
                    "apply_server_side_encryption_by_default": [
                      {
                        "kms_master_key_id": "",
                        "sse_algorithm": "AES256"
                      }
                    ],
                    "bucket_key_enabled": false
                  }
                ]
              }
            ],
            "tags": {
              "Name": "factoryoutlet",
              "Project": "aws-infrastructure"
            },
            "tags_all": {
              "Name": "factoryoutlet",
              "Project": "aws-infrastructure"
            },
            "timeouts": null,
            "versioning": [
              {
                "enabled": true,
                "mfa_delete": false
              }
            ],
            "website": [],
            "website_domain": null,
            "website_endpoint": null
          },
          "sensitive_attributes": [],
          "private": "eyJlMmJmYjczMC1lY2FhLTExZTYtOGY4OC0zNDM2M2JjN2M0YzAiOnsiY3JlYXRlIjoxMjAwMDAwMDAwMDAwLCJkZWxldGUiOjM2MDAwMDAwMDAwMDAsInJlYWQiOjEyMDAwMDAwMDAwMDAsInVwZGF0ZSI6MTIwMDAwMDAwMDAwMH19"
        }
      ]
    },
    {
      "module": "module.s3_bucket",
      "mode": "managed",
      "type": "aws_s3_bucket_policy",
      "name": "practice_policy",
      "provider": "provider[\"registry.terraform.io/hashicorp/aws\"]",
      "instances": [
        {
          "schema_version": 0,
          "attributes": {
            "bucket": "factoryoutlet-bucket",
            "id": "factoryoutlet-bucket",
            "policy": "{\"Statement\":[{\"Action\":\"s3:*\",\"Effect\":\"Allow\",\"Principal\":\"*\",\"Resource\":[\"arn:aws:s3:::factoryoutlet-bucket\",\"arn:aws:s3:::factoryoutlet-bucket/*\"]}],\"Version\":\"2012-10-17\"}"
          },
          "sensitive_attributes": [],
          "private": "bnVsbA==",
          "dependencies": [
            "module.s3_bucket.aws_s3_bucket.practice"
          ]
        }
      ]
    },
    {
      "module": "module.s3_bucket",
      "mode": "managed",
      "type": "aws_s3_bucket_versioning",
      "name": "practice",
      "provider": "provider[\"registry.terraform.io/hashicorp/aws\"]",
      "instances": [
        {
          "schema_version": 0,
          "attributes": {
            "bucket": "factoryoutlet-bucket",
            "expected_bucket_owner": "",
            "id": "factoryoutlet-bucket",
            "mfa": null,
            "versioning_configuration": [
              {
                "mfa_delete": "",
                "status": "Enabled"
              }
            ]
          },
          "sensitive_attributes": [],
          "private": "bnVsbA==",
          "dependencies": [
            "module.s3_bucket.aws_s3_bucket.practice"
          ]
        }
      ]
    }
  ],
  "check_results": null
}
