{
  "version": 4,
  "terraform_version": "1.9.8",
  "serial": 4,
  "lineage": "1a7cdca0-230d-2f3a-8b43-28f256d6dbaa",
  "outputs": {
    "lambda_sns_policy_attachment": {
      "value": "GitPod-20241108194531614100000001",
      "type": "string"
    }
  },
  "resources": [
    {
      "mode": "managed",
      "type": "aws_iam_policy",
      "name": "lambda_sns_policy",
      "provider": "provider[\"registry.terraform.io/hashicorp/aws\"]",
      "instances": [
        {
          "schema_version": 0,
          "attributes": {
            "arn": "arn:aws:iam::686255975511:policy/LambdaAndSNSFullAccess",
            "attachment_count": 0,
            "description": "Policy to grant Lambda and SNS permissions along with existing EC2 and S3 access.",
            "id": "arn:aws:iam::686255975511:policy/LambdaAndSNSFullAccess",
            "name": "LambdaAndSNSFullAccess",
            "name_prefix": "",
            "path": "/",
            "policy": "{\"Statement\":[{\"Action\":[\"lambda:CreateFunction\",\"lambda:UpdateFunctionCode\",\"lambda:UpdateFunctionConfiguration\",\"lambda:InvokeFunction\",\"lambda:DeleteFunction\",\"lambda:GetFunction\",\"lambda:ListFunctions\"],\"Effect\":\"Allow\",\"Resource\":\"*\"},{\"Action\":[\"sns:CreateTopic\",\"sns:DeleteTopic\",\"sns:ListTopics\",\"sns:Subscribe\",\"sns:Unsubscribe\",\"sns:Publish\",\"sns:GetTopicAttributes\",\"sns:SetTopicAttributes\"],\"Effect\":\"Allow\",\"Resource\":\"*\"}],\"Version\":\"2012-10-17\"}",
            "policy_id": "ANPAZ7SALFRLYU6QDZDW6",
            "tags": null,
            "tags_all": {}
          },
          "sensitive_attributes": [],
          "private": "bnVsbA=="
        }
      ]
    },
    {
      "mode": "managed",
      "type": "aws_iam_user_policy_attachment",
      "name": "attach_lambda_sns_policy",
      "provider": "provider[\"registry.terraform.io/hashicorp/aws\"]",
      "instances": [
        {
          "schema_version": 0,
          "attributes": {
            "id": "GitPod-20241108194531614100000001",
            "policy_arn": "arn:aws:iam::686255975511:policy/LambdaAndSNSFullAccess",
            "user": "GitPod"
          },
          "sensitive_attributes": [],
          "private": "bnVsbA==",
          "dependencies": [
            "aws_iam_policy.lambda_sns_policy"
          ]
        }
      ]
    }
  ],
  "check_results": null
}
